
Microsoft Visual Studio Solution File, Format Version 12.00
# Visual Studio Version 17
VisualStudioVersion = 17.5.33516.290
MinimumVisualStudioVersion = 10.0.40219.1
Project("{FAE04EC0-301F-11D3-BF4B-00C04F79EFBC}") = "ArduinoLAMP", "ArduinoLAMP\ArduinoLAMP.csproj", "{BB053C20-ACA0-48F5-8631-746B0E9A4E7A}"
EndProject
Global
	GlobalSection(SolutionConfigurationPlatforms) = preSolution
		Debug|Any CPU = Debug|Any CPU
		Release|Any CPU = Release|Any CPU
	EndGlobalSection
	GlobalSection(ProjectConfigurationPlatforms) = postSolution
		{BB053C20-ACA0-48F5-8631-746B0E9A4E7A}.Debug|Any CPU.ActiveCfg = Debug|Any CPU
		{BB053C20-ACA0-48F5-8631-746B0E9A4E7A}.Debug|Any CPU.Build.0 = Debug|Any CPU
		{BB053C20-ACA0-48F5-8631-746B0E9A4E7A}.Release|Any CPU.ActiveCfg = Release|Any CPU
		{BB053C20-ACA0-48F5-8631-746B0E9A4E7A}.Release|Any CPU.Build.0 = Release|Any CPU
	EndGlobalSection
	GlobalSection(SolutionProperties) = preSolution
		HideSolutionNode = FALSE
	EndGlobalSection
	GlobalSection(ExtensibilityGlobals) = postSolution
		SolutionGuid = {D51A1F74-AD9E-4B47-880F-759C8BD10F97}
	EndGlobalSection
EndGlobal
